{
  "name": "p5-mosaic-project",
  "version": "1.0.0",
  "lockfileVersion": 3,
  "requires": true,
  "packages": {
    "": {
      "name": "p5-mosaic-project",
      "version": "1.0.0",
      "license": "ISC",
      "dependencies": {
        "p5": "^1.11.2"
      },
      "devDependencies": {}
    },
    "node_modules/p5": {
      "version": "1.11.2",
      "resolved": "https://registry.npmjs.org/p5/-/p5-1.11.2.tgz",
      "integrity": "sha512-kvtMTmxJexkbfuaVThg/1JE6iQyS8tTAqGE1UGbfApKUIzDc5hHM23hc08FV3jG0jlNS2En9kqZDb4FrJ8x+kg==",
      "license": "LGPL-2.1"
    }
  }
}
